// !$*UTF8*$!
{
	archiveVersion = 1;
	classes = {
	};
	objectVersion = 46;
	objects = {

/* Begin PBXBuildFile section */
		8C15236B1F10230A00819736 /* AppDelegate.swift in Sources */ = {isa = PBXBuildFile; fileRef = 8C15236A1F10230A00819736 /* AppDelegate.swift */; };
		8C15236D1F10230A00819736 /* ViewController.swift in Sources */ = {isa = PBXBuildFile; fileRef = 8C15236C1F10230A00819736 /* ViewController.swift */; };
		8C1523701F10230A00819736 /* Main.storyboard in Resources */ = {isa = PBXBuildFile; fileRef = 8C15236E1F10230A00819736 /* Main.storyboard */; };
		8C1523721F10230A00819736 /* Assets.xcassets in Resources */ = {isa = PBXBuildFile; fileRef = 8C1523711F10230A00819736 /* Assets.xcassets */; };
		8C1523751F10230A00819736 /* LaunchScreen.storyboard in Resources */ = {isa = PBXBuildFile; fileRef = 8C1523731F10230A00819736 /* LaunchScreen.storyboard */; };
		8C1523801F10230A00819736 /* RainbowRoadTests.swift in Sources */ = {isa = PBXBuildFile; fileRef = 8C15237F1F10230A00819736 /* RainbowRoadTests.swift */; };
		8C15238B1F10230A00819736 /* RainbowRoadUITests.swift in Sources */ = {isa = PBXBuildFile; fileRef = 8C15238A1F10230A00819736 /* RainbowRoadUITests.swift */; };
/* End PBXBuildFile section */

/* Begin PBXContainerItemProxy section */
		8C15237C1F10230A00819736 /* PBXContainerItemProxy */ = {
			isa = PBXContainerItemProxy;
			containerPortal = 8C15235F1F10230A00819736 /* Project object */;
			proxyType = 1;
			remoteGlobalIDString = 8C1523661F10230A00819736;
			remoteInfo = RainbowRoad;
		};
		8C1523871F10230A00819736 /* PBXContainerItemProxy */ = {
			isa = PBXContainerItemProxy;
			containerPortal = 8C15235F1F10230A00819736 /* Project object */;
			proxyType = 1;
			remoteGlobalIDString = 8C1523661F10230A00819736;
			remoteInfo = RainbowRoad;
		};
/* End PBXContainerItemProxy section */

/* Begin PBXFileReference section */
		8C1523671F10230A00819736 /* RainbowRoad.app */ = {isa = PBXFileReference; explicitFileType = wrapper.application; includeInIndex = 0; path = RainbowRoad.app; sourceTree = BUILT_PRODUCTS_DIR; };
		8C15236A1F10230A00819736 /* AppDelegate.swift */ = {isa = PBXFileReference; lastKnownFileType = sourcecode.swift; path = AppDelegate.swift; sourceTree = "<group>"; };
		8C15236C1F10230A00819736 /* ViewController.swift */ = {isa = PBXFileReference; lastKnownFileType = sourcecode.swift; path = ViewController.swift; sourceTree = "<group>"; };
		8C15236F1F10230A00819736 /* Base */ = {isa = PBXFileReference; lastKnownFileType = file.storyboard; name = Base; path = Base.lproj/Main.storyboard; sourceTree = "<group>"; };
		8C1523711F10230A00819736 /* Assets.xcassets */ = {isa = PBXFileReference; lastKnownFileType = folder.assetcatalog; path = Assets.xcassets; sourceTree = "<group>"; };
		8C1523741F10230A00819736 /* Base */ = {isa = PBXFileReference; lastKnownFileType = file.storyboard; name = Base; path = Base.lproj/LaunchScreen.storyboard; sourceTree = "<group>"; };
		8C1523761F10230A00819736 /* Info.plist */ = {isa = PBXFileReference; lastKnownFileType = text.plist.xml; path = Info.plist; sourceTree = "<group>"; };
		8C15237B1F10230A00819736 /* RainbowRoadTests.xctest */ = {isa = PBXFileReference; explicitFileType = wrapper.cfbundle; includeInIndex = 0; path = RainbowRoadTests.xctest; sourceTree = BUILT_PRODUCTS_DIR; };
		8C15237F1F10230A00819736 /* RainbowRoadTests.swift */ = {isa = PBXFileReference; lastKnownFileType = sourcecode.swift; path = RainbowRoadTests.swift; sourceTree = "<group>"; };
		8C1523811F10230A00819736 /* Info.plist */ = {isa = PBXFileReference; lastKnownFileType = text.plist.xml; path = Info.plist; sourceTree = "<group>"; };
		8C1523861F10230A00819736 /* RainbowRoadUITests.xctest */ = {isa = PBXFileReference; explicitFileType = wrapper.cfbundle; includeInIndex = 0; path = RainbowRoadUITests.xctest; sourceTree = BUILT_PRODUCTS_DIR; };
		8C15238A1F10230A00819736 /* RainbowRoadUITests.swift */ = {isa = PBXFileReference; lastKnownFileType = sourcecode.swift; path = RainbowRoadUITests.swift; sourceTree = "<group>"; };
		8C15238C1F10230A00819736 /* Info.plist */ = {isa = PBXFileReference; lastKnownFileType = text.plist.xml; path = Info.plist; sourceTree = "<group>"; };
/* End PBXFileReference section */

/* Begin PBXFrameworksBuildPhase section */
		8C1523641F10230A00819736 /* Frameworks */ = {
			isa = PBXFrameworksBuildPhase;
			buildActionMask = 2147483647;
			files = (
			);
			runOnlyForDeploymentPostprocessing = 0;
		};
		8C1523781F10230A00819736 /* Frameworks */ = {
			isa = PBXFrameworksBuildPhase;
			buildActionMask = 2147483647;
			files = (
			);
			runOnlyForDeploymentPostprocessing = 0;
		};
		8C1523831F10230A00819736 /* Frameworks */ = {
			isa = PBXFrameworksBuildPhase;
			buildActionMask = 2147483647;
			files = (
			);
			runOnlyForDeploymentPostprocessing = 0;
		};
/* End PBXFrameworksBuildPhase section */

/* Begin PBXGroup section */
		8C15235E1F10230A00819736 = {
			isa = PBXGroup;
			children = (
				8C1523691F10230A00819736 /* RainbowRoad */,
				8C15237E1F10230A00819736 /* RainbowRoadTests */,
				8C1523891F10230A00819736 /* RainbowRoadUITests */,
				8C1523681F10230A00819736 /* Products */,
			);
			sourceTree = "<group>";
		};
		8C1523681F10230A00819736 /* Products */ = {
			isa = PBXGroup;
			children = (
				8C1523671F10230A00819736 /* RainbowRoad.app */,
				8C15237B1F10230A00819736 /* RainbowRoadTests.xctest */,
				8C1523861F10230A00819736 /* RainbowRoadUITests.xctest */,
			);
			name = Products;
			sourceTree = "<group>";
		};
		8C1523691F10230A00819736 /* RainbowRoad */ = {
			isa = PBXGroup;
			children = (
				8C15236A1F10230A00819736 /* AppDelegate.swift */,
				8C15236C1F10230A00819736 /* ViewController.swift */,
				8C15236E1F10230A00819736 /* Main.storyboard */,
				8C1523711F10230A00819736 /* Assets.xcassets */,
				8C1523731F10230A00819736 /* LaunchScreen.storyboard */,
				8C1523761F10230A00819736 /* Info.plist */,
			);
			path = RainbowRoad;
			sourceTree = "<group>";
		};
		8C15237E1F10230A00819736 /* RainbowRoadTests */ = {
			isa = PBXGroup;
			children = (
				8C15237F1F10230A00819736 /* RainbowRoadTests.swift */,
				8C1523811F10230A00819736 /* Info.plist */,
			);
			path = RainbowRoadTests;
			sourceTree = "<group>";
		};
		8C1523891F10230A00819736 /* RainbowRoadUITests */ = {
			isa = PBXGroup;
			children = (
				8C15238A1F10230A00819736 /* RainbowRoadUITests.swift */,
				8C15238C1F10230A00819736 /* Info.plist */,
			);
			path = RainbowRoadUITests;
			sourceTree = "<group>";
		};
/* End PBXGroup section */

/* Begin PBXNativeTarget section */
		8C1523661F10230A00819736 /* RainbowRoad */ = {
			isa = PBXNativeTarget;
			buildConfigurationList = 8C15238F1F10230A00819736 /* Build configuration list for PBXNativeTarget "RainbowRoad" */;
			buildPhases = (
				8C1523631F10230A00819736 /* Sources */,
				8C1523641F10230A00819736 /* Frameworks */,
				8C1523651F10230A00819736 /* Resources */,
			);
			buildRules = (
			);
			dependencies = (
			);
			name = RainbowRoad;
			productName = RainbowRoad;
			productReference = 8C1523671F10230A00819736 /* RainbowRoad.app */;
			productType = "com.apple.product-type.application";
		};
		8C15237A1F10230A00819736 /* RainbowRoadTests */ = {
			isa = PBXNativeTarget;
			buildConfigurationList = 8C1523921F10230A00819736 /* Build configuration list for PBXNativeTarget "RainbowRoadTests" */;
			buildPhases = (
				8C1523771F10230A00819736 /* Sources */,
				8C1523781F10230A00819736 /* Frameworks */,
				8C1523791F10230A00819736 /* Resources */,
			);
			buildRules = (
			);
			dependencies = (
				8C15237D1F10230A00819736 /* PBXTargetDependency */,
			);
			name = RainbowRoadTests;
			productName = RainbowRoadTests;
			productReference = 8C15237B1F10230A00819736 /* RainbowRoadTests.xctest */;
			productType = "com.apple.product-type.bundle.unit-test";
		};
		8C1523851F10230A00819736 /* RainbowRoadUITests */ = {
			isa = PBXNativeTarget;
			buildConfigurationList = 8C1523951F10230A00819736 /* Build configuration list for PBXNativeTarget "RainbowRoadUITests" */;
			buildPhases = (
				8C1523821F10230A00819736 /* Sources */,
				8C1523831F10230A00819736 /* Frameworks */,
				8C1523841F10230A00819736 /* Resources */,
			);
			buildRules = (
			);
			dependencies = (
				8C1523881F10230A00819736 /* PBXTargetDependency */,
			);
			name = RainbowRoadUITests;
			productName = RainbowRoadUITests;
			productReference = 8C1523861F10230A00819736 /* RainbowRoadUITests.xctest */;
			productType = "com.apple.product-type.bundle.ui-testing";
		};
/* End PBXNativeTarget section */

/* Begin PBXProject section */
		8C15235F1F10230A00819736 /* Project object */ = {
			isa = PBXProject;
			attributes = {
				LastSwiftUpdateCheck = 0830;
				LastUpgradeCheck = 0830;
				ORGANIZATIONNAME = "Kaan Kabalak";
				TargetAttributes = {
					8C1523661F10230A00819736 = {
						CreatedOnToolsVersion = 8.3.3;
						ProvisioningStyle = Automatic;
					};
					8C15237A1F10230A00819736 = {
						CreatedOnToolsVersion = 8.3.3;
						ProvisioningStyle = Automatic;
						TestTargetID = 8C1523661F10230A00819736;
					};
					8C1523851F10230A00819736 = {
						CreatedOnToolsVersion = 8.3.3;
						ProvisioningStyle = Automatic;
						TestTargetID = 8C1523661F10230A00819736;
					};
				};
			};
			buildConfigurationList = 8C1523621F10230A00819736 /* Build configuration list for PBXProject "RainbowRoad" */;
			compatibilityVersion = "Xcode 3.2";
			developmentRegion = English;
			hasScannedForEncodings = 0;
			knownRegions = (
				en,
				Base,
			);
			mainGroup = 8C15235E1F10230A00819736;
			productRefGroup = 8C1523681F10230A00819736 /* Products */;
			projectDirPath = "";
			projectRoot = "";
			targets = (
				8C1523661F10230A00819736 /* RainbowRoad */,
				8C15237A1F10230A00819736 /* RainbowRoadTests */,
				8C1523851F10230A00819736 /* RainbowRoadUITests */,
			);
		};
/* End PBXProject section */

/* Begin PBXResourcesBuildPhase section */
		8C1523651F10230A00819736 /* Resources */ = {
			isa = PBXResourcesBuildPhase;
			buildActionMask = 2147483647;
			files = (
				8C1523751F10230A00819736 /* LaunchScreen.storyboard in Resources */,
				8C1523721F10230A00819736 /* Assets.xcassets in Resources */,
				8C1523701F10230A00819736 /* Main.storyboard in Resources */,
			);
			runOnlyForDeploymentPostprocessing = 0;
		};
		8C1523791F10230A00819736 /* Resources */ = {
			isa = PBXResourcesBuildPhase;
			buildActionMask = 2147483647;
			files = (
			);
			runOnlyForDeploymentPostprocessing = 0;
		};
		8C1523841F10230A00819736 /* Resources */ = {
			isa = PBXResourcesBuildPhase;
			buildActionMask = 2147483647;
			files = (
			);
			runOnlyForDeploymentPostprocessing = 0;
		};
/* End PBXResourcesBuildPhase section */

/* Begin PBXSourcesBuildPhase section */
		8C1523631F10230A00819736 /* Sources */ = {
			isa = PBXSourcesBuildPhase;
			buildActionMask = 2147483647;
			files = (
				8C15236D1F10230A00819736 /* ViewController.swift in Sources */,
				8C15236B1F10230A00819736 /* AppDelegate.swift in Sources */,
			);
			runOnlyForDeploymentPostprocessing = 0;
		};
		8C1523771F10230A00819736 /* Sources */ = {
			isa = PBXSourcesBuildPhase;
			buildActionMask = 2147483647;
			files = (
				8C1523801F10230A00819736 /* RainbowRoadTests.swift in Sources */,
			);
			runOnlyForDeploymentPostprocessing = 0;
		};
		8C1523821F10230A00819736 /* Sources */ = {
			isa = PBXSourcesBuildPhase;
			buildActionMask = 2147483647;
			files = (
				8C15238B1F10230A00819736 /* RainbowRoadUITests.swift in Sources */,
			);
			runOnlyForDeploymentPostprocessing = 0;
		};
/* End PBXSourcesBuildPhase section */

/* Begin PBXTargetDependency section */
		8C15237D1F10230A00819736 /* PBXTargetDependency */ = {
			isa = PBXTargetDependency;
			target = 8C1523661F10230A00819736 /* RainbowRoad */;
			targetProxy = 8C15237C1F10230A00819736 /* PBXContainerItemProxy */;
		};
		8C1523881F10230A00819736 /* PBXTargetDependency */ = {
			isa = PBXTargetDependency;
			target = 8C1523661F10230A00819736 /* RainbowRoad */;
			targetProxy = 8C1523871F10230A00819736 /* PBXContainerItemProxy */;
		};
/* End PBXTargetDependency section */

/* Begin PBXVariantGroup section */
		8C15236E1F10230A00819736 /* Main.storyboard */ = {
			isa = PBXVariantGroup;
			children = (
				8C15236F1F10230A00819736 /* Base */,
			);
			name = Main.storyboard;
			sourceTree = "<group>";
		};
		8C1523731F10230A00819736 /* LaunchScreen.storyboard */ = {
			isa = PBXVariantGroup;
			children = (
				8C1523741F10230A00819736 /* Base */,
			);
			name = LaunchScreen.storyboard;
			sourceTree = "<group>";
		};
/* End PBXVariantGroup section */

/* Begin XCBuildConfiguration section */
		8C15238D1F10230A00819736 /* Debug */ = {
			isa = XCBuildConfiguration;
			buildSettings = {
				ALWAYS_SEARCH_USER_PATHS = NO;
				CLANG_ANALYZER_NONNULL = YES;
				CLANG_ANALYZER_NUMBER_OBJECT_CONVERSION = YES_AGGRESSIVE;
				CLANG_CXX_LANGUAGE_STANDARD = "gnu++0x";
				CLANG_CXX_LIBRARY = "libc++";
				CLANG_ENABLE_MODULES = YES;
				CLANG_ENABLE_OBJC_ARC = YES;
				CLANG_WARN_BOOL_CONVERSION = YES;
				CLANG_WARN_CONSTANT_CONVERSION = YES;
				CLANG_WARN_DIRECT_OBJC_ISA_USAGE = YES_ERROR;
				CLANG_WARN_DOCUMENTATION_COMMENTS = YES;
				CLANG_WARN_EMPTY_BODY = YES;
				CLANG_WARN_ENUM_CONVERSION = YES;
				CLANG_WARN_INFINITE_RECURSION = YES;
				CLANG_WARN_INT_CONVERSION = YES;
				CLANG_WARN_OBJC_ROOT_CLASS = YES_ERROR;
				CLANG_WARN_SUSPICIOUS_MOVE = YES;
				CLANG_WARN_UNREACHABLE_CODE = YES;
				CLANG_WARN__DUPLICATE_METHOD_MATCH = YES;
				"CODE_SIGN_IDENTITY[sdk=iphoneos*]" = "iPhone Developer";
				COPY_PHASE_STRIP = NO;
				DEBUG_INFORMATION_FORMAT = dwarf;
				ENABLE_STRICT_OBJC_MSGSEND = YES;
				ENABLE_TESTABILITY = YES;
				GCC_C_LANGUAGE_STANDARD = gnu99;
				GCC_DYNAMIC_NO_PIC = NO;
				GCC_NO_COMMON_BLOCKS = YES;
				GCC_OPTIMIZATION_LEVEL = 0;
				GCC_PREPROCESSOR_DEFINITIONS = (
					"DEBUG=1",
					"$(inherited)",
				);
				GCC_WARN_64_TO_32_BIT_CONVERSION = YES;
				GCC_WARN_ABOUT_RETURN_TYPE = YES_ERROR;
				GCC_WARN_UNDECLARED_SELECTOR = YES;
				GCC_WARN_UNINITIALIZED_AUTOS = YES_AGGRESSIVE;
				GCC_WARN_UNUSED_FUNCTION = YES;
				GCC_WARN_UNUSED_VARIABLE = YES;
				IPHONEOS_DEPLOYMENT_TARGET = 10.3;
				MTL_ENABLE_DEBUG_INFO = YES;
				ONLY_ACTIVE_ARCH = YES;
				SDKROOT = iphoneos;
				SWIFT_ACTIVE_COMPILATION_CONDITIONS = DEBUG;
				SWIFT_OPTIMIZATION_LEVEL = "-Onone";
				TARGETED_DEVICE_FAMILY = "1,2";
			};
			name = Debug;
		};
		8C15238E1F10230A00819736 /* Release */ = {
			isa = XCBuildConfiguration;
			buildSettings = {
				ALWAYS_SEARCH_USER_PATHS = NO;
				CLANG_ANALYZER_NONNULL = YES;
				CLANG_ANALYZER_NUMBER_OBJECT_CONVERSION = YES_AGGRESSIVE;
				CLANG_CXX_LANGUAGE_STANDARD = "gnu++0x";
				CLANG_CXX_LIBRARY = "libc++";
				CLANG_ENABLE_MODULES = YES;
				CLANG_ENABLE_OBJC_ARC = YES;
				CLANG_WARN_BOOL_CONVERSION = YES;
				CLANG_WARN_CONSTANT_CONVERSION = YES;
				CLANG_WARN_DIRECT_OBJC_ISA_USAGE = YES_ERROR;
				CLANG_WARN_DOCUMENTATION_COMMENTS = YES;
				CLANG_WARN_EMPTY_BODY = YES;
				CLANG_WARN_ENUM_CONVERSION = YES;
				CLANG_WARN_INFINITE_RECURSION = YES;
				CLANG_WARN_INT_CONVERSION = YES;
				CLANG_WARN_OBJC_ROOT_CLASS = YES_ERROR;
				CLANG_WARN_SUSPICIOUS_MOVE = YES;
				CLANG_WARN_UNREACHABLE_CODE = YES;
				CLANG_WARN__DUPLICATE_METHOD_MATCH = YES;
				"CODE_SIGN_IDENTITY[sdk=iphoneos*]" = "iPhone Developer";
				COPY_PHASE_STRIP = NO;
				DEBUG_INFORMATION_FORMAT = "dwarf-with-dsym";
				ENABLE_NS_ASSERTIONS = NO;
				ENABLE_STRICT_OBJC_MSGSEND = YES;
				GCC_C_LANGUAGE_STANDARD = gnu99;
				GCC_NO_COMMON_BLOCKS = YES;
				GCC_WARN_64_TO_32_BIT_CONVERSION = YES;
				GCC_WARN_ABOUT_RETURN_TYPE = YES_ERROR;
				GCC_WARN_UNDECLARED_SELECTOR = YES;
				GCC_WARN_UNINITIALIZED_AUTOS = YES_AGGRESSIVE;
				GCC_WARN_UNUSED_FUNCTION = YES;
				GCC_WARN_UNUSED_VARIABLE = YES;
				IPHONEOS_DEPLOYMENT_TARGET = 10.3;
				MTL_ENABLE_DEBUG_INFO = NO;
				SDKROOT = iphoneos;
				SWIFT_OPTIMIZATION_LEVEL = "-Owholemodule";
				TARGETED_DEVICE_FAMILY = "1,2";
				VALIDATE_PRODUCT = YES;
			};
			name = Release;
		};
		8C1523901F10230A00819736 /* Debug */ = {
			isa = XCBuildConfiguration;
			buildSettings = {
				ASSETCATALOG_COMPILER_APPICON_NAME = AppIcon;
				INFOPLIST_FILE = RainbowRoad/Info.plist;
				LD_RUNPATH_SEARCH_PATHS = "$(inherited) @executable_path/Frameworks";
				PRODUCT_BUNDLE_IDENTIFIER = com.codingdojo.RainbowRoad;
				PRODUCT_NAME = "$(TARGET_NAME)";
				SWIFT_VERSION = 3.0;
			};
			name = Debug;
		};
		8C1523911F10230A00819736 /* Release */ = {
			isa = XCBuildConfiguration;
			buildSettings = {
				ASSETCATALOG_COMPILER_APPICON_NAME = AppIcon;
				INFOPLIST_FILE = RainbowRoad/Info.plist;
				LD_RUNPATH_SEARCH_PATHS = "$(inherited) @executable_path/Frameworks";
				PRODUCT_BUNDLE_IDENTIFIER = com.codingdojo.RainbowRoad;
				PRODUCT_NAME = "$(TARGET_NAME)";
				SWIFT_VERSION = 3.0;
			};
			name = Release;
		};
		8C1523931F10230A00819736 /* Debug */ = {
			isa = XCBuildConfiguration;
			buildSettings = {
				ALWAYS_EMBED_SWIFT_STANDARD_LIBRARIES = YES;
				BUNDLE_LOADER = "$(TEST_HOST)";
				INFOPLIST_FILE = RainbowRoadTests/Info.plist;
				LD_RUNPATH_SEARCH_PATHS = "$(inherited) @executable_path/Frameworks @loader_path/Frameworks";
				PRODUCT_BUNDLE_IDENTIFIER = com.codingdojo.RainbowRoadTests;
				PRODUCT_NAME = "$(TARGET_NAME)";
				SWIFT_VERSION = 3.0;
				TEST_HOST = "$(BUILT_PRODUCTS_DIR)/RainbowRoad.app/RainbowRoad";
			};
			name = Debug;
		};
		8C1523941F10230A00819736 /* Release */ = {
			isa = XCBuildConfiguration;
			buildSettings = {
				ALWAYS_EMBED_SWIFT_STANDARD_LIBRARIES = YES;
				BUNDLE_LOADER = "$(TEST_HOST)";
				INFOPLIST_FILE = RainbowRoadTests/Info.plist;
				LD_RUNPATH_SEARCH_PATHS = "$(inherited) @executable_path/Frameworks @loader_path/Frameworks";
				PRODUCT_BUNDLE_IDENTIFIER = com.codingdojo.RainbowRoadTests;
				PRODUCT_NAME = "$(TARGET_NAME)";
				SWIFT_VERSION = 3.0;
				TEST_HOST = "$(BUILT_PRODUCTS_DIR)/RainbowRoad.app/RainbowRoad";
			};
			name = Release;
		};
		8C1523961F10230A00819736 /* Debug */ = {
			isa = XCBuildConfiguration;
			buildSettings = {
				ALWAYS_EMBED_SWIFT_STANDARD_LIBRARIES = YES;
				INFOPLIST_FILE = RainbowRoadUITests/Info.plist;
				LD_RUNPATH_SEARCH_PATHS = "$(inherited) @executable_path/Frameworks @loader_path/Frameworks";
				PRODUCT_BUNDLE_IDENTIFIER = com.codingdojo.RainbowRoadUITests;
				PRODUCT_NAME = "$(TARGET_NAME)";
				SWIFT_VERSION = 3.0;
				TEST_TARGET_NAME = RainbowRoad;
			};
			name = Debug;
		};
		8C1523971F10230A00819736 /* Release */ = {
			isa = XCBuildConfiguration;
			buildSettings = {
				ALWAYS_EMBED_SWIFT_STANDARD_LIBRARIES = YES;
				INFOPLIST_FILE = RainbowRoadUITests/Info.plist;
				LD_RUNPATH_SEARCH_PATHS = "$(inherited) @executable_path/Frameworks @loader_path/Frameworks";
				PRODUCT_BUNDLE_IDENTIFIER = com.codingdojo.RainbowRoadUITests;
				PRODUCT_NAME = "$(TARGET_NAME)";
				SWIFT_VERSION = 3.0;
				TEST_TARGET_NAME = RainbowRoad;
			};
			name = Release;
		};
/* End XCBuildConfiguration section */

/* Begin XCConfigurationList section */
		8C1523621F10230A00819736 /* Build configuration list for PBXProject "RainbowRoad" */ = {
			isa = XCConfigurationList;
			buildConfigurations = (
				8C15238D1F10230A00819736 /* Debug */,
				8C15238E1F10230A00819736 /* Release */,
			);
			defaultConfigurationIsVisible = 0;
			defaultConfigurationName = Release;
		};
		8C15238F1F10230A00819736 /* Build configuration list for PBXNativeTarget "RainbowRoad" */ = {
			isa = XCConfigurationList;
			buildConfigurations = (
				8C1523901F10230A00819736 /* Debug */,
				8C1523911F10230A00819736 /* Release */,
			);
			defaultConfigurationIsVisible = 0;
		};
		8C1523921F10230A00819736 /* Build configuration list for PBXNativeTarget "RainbowRoadTests" */ = {
			isa = XCConfigurationList;
			buildConfigurations = (
				8C1523931F10230A00819736 /* Debug */,
				8C1523941F10230A00819736 /* Release */,
			);
			defaultConfigurationIsVisible = 0;
		};
		8C1523951F10230A00819736 /* Build configuration list for PBXNativeTarget "RainbowRoadUITests" */ = {
			isa = XCConfigurationList;
			buildConfigurations = (
				8C1523961F10230A00819736 /* Debug */,
				8C1523971F10230A00819736 /* Release */,
			);
			defaultConfigurationIsVisible = 0;
		};
/* End XCConfigurationList section */
	};
	rootObject = 8C15235F1F10230A00819736 /* Project object */;
}
